// !$*UTF8*$!
{
	archiveVersion = 1;
	classes = {
	};
	objectVersion = 56;
	objects = {

/* Begin PBXBuildFile section */
		1435A98928F85BF500872E10 /* AppDelegate.swift in Sources */ = {isa = PBXBuildFile; fileRef = 1435A98828F85BF500872E10 /* AppDelegate.swift */; };
		1435A98B28F85BF500872E10 /* SceneDelegate.swift in Sources */ = {isa = PBXBuildFile; fileRef = 1435A98A28F85BF500872E10 /* SceneDelegate.swift */; };
		1435A98D28F85BF500872E10 /* View.swift in Sources */ = {isa = PBXBuildFile; fileRef = 1435A98C28F85BF500872E10 /* View.swift */; };
		1435A99228F85BF700872E10 /* Assets.xcassets in Resources */ = {isa = PBXBuildFile; fileRef = 1435A99128F85BF700872E10 /* Assets.xcassets */; };
		1435A99528F85BF700872E10 /* LaunchScreen.storyboard in Resources */ = {isa = PBXBuildFile; fileRef = 1435A99328F85BF700872E10 /* LaunchScreen.storyboard */; };
		1435A9BB28F8736E00872E10 /* Network.swift in Sources */ = {isa = PBXBuildFile; fileRef = 1435A9BA28F8736E00872E10 /* Network.swift */; };
		1435A9BF28F8740600872E10 /* User.swift in Sources */ = {isa = PBXBuildFile; fileRef = 1435A9BE28F8740600872E10 /* User.swift */; };
		1435A9C228F8769000872E10 /* UIView.swift in Sources */ = {isa = PBXBuildFile; fileRef = 1435A9C128F8769000872E10 /* UIView.swift */; };
		14E18D2528FDCA3400EFB9B9 /* Product.swift in Sources */ = {isa = PBXBuildFile; fileRef = 14E18D2428FDCA3400EFB9B9 /* Product.swift */; };
/* End PBXBuildFile section */

/* Begin PBXContainerItemProxy section */
		1435A99C28F85BF700872E10 /* PBXContainerItemProxy */ = {
			isa = PBXContainerItemProxy;
			containerPortal = 1435A97D28F85BF400872E10 /* Project object */;
			proxyType = 1;
			remoteGlobalIDString = 1435A98428F85BF500872E10;
			remoteInfo = swiftAsyncAwait;
		};
		1435A9A628F85BF700872E10 /* PBXContainerItemProxy */ = {
			isa = PBXContainerItemProxy;
			containerPortal = 1435A97D28F85BF400872E10 /* Project object */;
			proxyType = 1;
			remoteGlobalIDString = 1435A98428F85BF500872E10;
			remoteInfo = swiftAsyncAwait;
		};
/* End PBXContainerItemProxy section */

/* Begin PBXFileReference section */
		1435A98528F85BF500872E10 /* swiftAsyncAwait.app */ = {isa = PBXFileReference; explicitFileType = wrapper.application; includeInIndex = 0; path = swiftAsyncAwait.app; sourceTree = BUILT_PRODUCTS_DIR; };
		1435A98828F85BF500872E10 /* AppDelegate.swift */ = {isa = PBXFileReference; lastKnownFileType = sourcecode.swift; path = AppDelegate.swift; sourceTree = "<group>"; };
		1435A98A28F85BF500872E10 /* SceneDelegate.swift */ = {isa = PBXFileReference; lastKnownFileType = sourcecode.swift; path = SceneDelegate.swift; sourceTree = "<group>"; };
		1435A98C28F85BF500872E10 /* View.swift */ = {isa = PBXFileReference; lastKnownFileType = sourcecode.swift; path = View.swift; sourceTree = "<group>"; };
		1435A99128F85BF700872E10 /* Assets.xcassets */ = {isa = PBXFileReference; lastKnownFileType = folder.assetcatalog; path = Assets.xcassets; sourceTree = "<group>"; };
		1435A99428F85BF700872E10 /* Base */ = {isa = PBXFileReference; lastKnownFileType = file.storyboard; name = Base; path = Base.lproj/LaunchScreen.storyboard; sourceTree = "<group>"; };
		1435A99628F85BF700872E10 /* Info.plist */ = {isa = PBXFileReference; lastKnownFileType = text.plist.xml; path = Info.plist; sourceTree = "<group>"; };
		1435A99B28F85BF700872E10 /* swiftAsyncAwaitTests.xctest */ = {isa = PBXFileReference; explicitFileType = wrapper.cfbundle; includeInIndex = 0; path = swiftAsyncAwaitTests.xctest; sourceTree = BUILT_PRODUCTS_DIR; };
		1435A9A528F85BF700872E10 /* swiftAsyncAwaitUITests.xctest */ = {isa = PBXFileReference; explicitFileType = wrapper.cfbundle; includeInIndex = 0; path = swiftAsyncAwaitUITests.xctest; sourceTree = BUILT_PRODUCTS_DIR; };
		1435A9BA28F8736E00872E10 /* Network.swift */ = {isa = PBXFileReference; lastKnownFileType = sourcecode.swift; path = Network.swift; sourceTree = "<group>"; };
		1435A9BE28F8740600872E10 /* User.swift */ = {isa = PBXFileReference; lastKnownFileType = sourcecode.swift; path = User.swift; sourceTree = "<group>"; };
		1435A9C128F8769000872E10 /* UIView.swift */ = {isa = PBXFileReference; lastKnownFileType = sourcecode.swift; path = UIView.swift; sourceTree = "<group>"; };
		14E18D2428FDCA3400EFB9B9 /* Product.swift */ = {isa = PBXFileReference; lastKnownFileType = sourcecode.swift; path = Product.swift; sourceTree = "<group>"; };
/* End PBXFileReference section */

/* Begin PBXFrameworksBuildPhase section */
		1435A98228F85BF500872E10 /* Frameworks */ = {
			isa = PBXFrameworksBuildPhase;
			buildActionMask = 2147483647;
			files = (
			);
			runOnlyForDeploymentPostprocessing = 0;
		};
		1435A99828F85BF700872E10 /* Frameworks */ = {
			isa = PBXFrameworksBuildPhase;
			buildActionMask = 2147483647;
			files = (
			);
			runOnlyForDeploymentPostprocessing = 0;
		};
		1435A9A228F85BF700872E10 /* Frameworks */ = {
			isa = PBXFrameworksBuildPhase;
			buildActionMask = 2147483647;
			files = (
			);
			runOnlyForDeploymentPostprocessing = 0;
		};
/* End PBXFrameworksBuildPhase section */

/* Begin PBXGroup section */
		1435A97C28F85BF400872E10 = {
			isa = PBXGroup;
			children = (
				1435A98728F85BF500872E10 /* swiftAsyncAwait */,
				1435A98628F85BF500872E10 /* Products */,
			);
			sourceTree = "<group>";
		};
		1435A98628F85BF500872E10 /* Products */ = {
			isa = PBXGroup;
			children = (
				1435A98528F85BF500872E10 /* swiftAsyncAwait.app */,
				1435A99B28F85BF700872E10 /* swiftAsyncAwaitTests.xctest */,
				1435A9A528F85BF700872E10 /* swiftAsyncAwaitUITests.xctest */,
			);
			name = Products;
			sourceTree = "<group>";
		};
		1435A98728F85BF500872E10 /* swiftAsyncAwait */ = {
			isa = PBXGroup;
			children = (
				1435A9B928F8735800872E10 /* AppUtils */,
				1435A9B828F85CB200872E10 /* AppDelegate */,
				1435A98C28F85BF500872E10 /* View.swift */,
				1435A99328F85BF700872E10 /* LaunchScreen.storyboard */,
				1435A99628F85BF700872E10 /* Info.plist */,
			);
			path = swiftAsyncAwait;
			sourceTree = "<group>";
		};
		1435A9B828F85CB200872E10 /* AppDelegate */ = {
			isa = PBXGroup;
			children = (
				1435A98828F85BF500872E10 /* AppDelegate.swift */,
				1435A98A28F85BF500872E10 /* SceneDelegate.swift */,
			);
			path = AppDelegate;
			sourceTree = "<group>";
		};
		1435A9B928F8735800872E10 /* AppUtils */ = {
			isa = PBXGroup;
			children = (
				1435A9C028F8768100872E10 /* Extensions */,
				1435A9BC28F873E600872E10 /* Network */,
				1435A99128F85BF700872E10 /* Assets.xcassets */,
			);
			path = AppUtils;
			sourceTree = "<group>";
		};
		1435A9BC28F873E600872E10 /* Network */ = {
			isa = PBXGroup;
			children = (
				1435A9BD28F873F800872E10 /* Models */,
				1435A9BA28F8736E00872E10 /* Network.swift */,
			);
			path = Network;
			sourceTree = "<group>";
		};
		1435A9BD28F873F800872E10 /* Models */ = {
			isa = PBXGroup;
			children = (
				1435A9BE28F8740600872E10 /* User.swift */,
				14E18D2428FDCA3400EFB9B9 /* Product.swift */,
			);
			path = Models;
			sourceTree = "<group>";
		};
		1435A9C028F8768100872E10 /* Extensions */ = {
			isa = PBXGroup;
			children = (
				1435A9C128F8769000872E10 /* UIView.swift */,
			);
			path = Extensions;
			sourceTree = "<group>";
		};
/* End PBXGroup section */

/* Begin PBXNativeTarget section */
		1435A98428F85BF500872E10 /* swiftAsyncAwait */ = {
			isa = PBXNativeTarget;
			buildConfigurationList = 1435A9AF28F85BF700872E10 /* Build configuration list for PBXNativeTarget "swiftAsyncAwait" */;
			buildPhases = (
				1435A98128F85BF500872E10 /* Sources */,
				1435A98228F85BF500872E10 /* Frameworks */,
				1435A98328F85BF500872E10 /* Resources */,
			);
			buildRules = (
			);
			dependencies = (
			);
			name = swiftAsyncAwait;
			productName = swiftAsyncAwait;
			productReference = 1435A98528F85BF500872E10 /* swiftAsyncAwait.app */;
			productType = "com.apple.product-type.application";
		};
		1435A99A28F85BF700872E10 /* swiftAsyncAwaitTests */ = {
			isa = PBXNativeTarget;
			buildConfigurationList = 1435A9B228F85BF700872E10 /* Build configuration list for PBXNativeTarget "swiftAsyncAwaitTests" */;
			buildPhases = (
				1435A99728F85BF700872E10 /* Sources */,
				1435A99828F85BF700872E10 /* Frameworks */,
				1435A99928F85BF700872E10 /* Resources */,
			);
			buildRules = (
			);
			dependencies = (
				1435A99D28F85BF700872E10 /* PBXTargetDependency */,
			);
			name = swiftAsyncAwaitTests;
			productName = swiftAsyncAwaitTests;
			productReference = 1435A99B28F85BF700872E10 /* swiftAsyncAwaitTests.xctest */;
			productType = "com.apple.product-type.bundle.unit-test";
		};
		1435A9A428F85BF700872E10 /* swiftAsyncAwaitUITests */ = {
			isa = PBXNativeTarget;
			buildConfigurationList = 1435A9B528F85BF700872E10 /* Build configuration list for PBXNativeTarget "swiftAsyncAwaitUITests" */;
			buildPhases = (
				1435A9A128F85BF700872E10 /* Sources */,
				1435A9A228F85BF700872E10 /* Frameworks */,
				1435A9A328F85BF700872E10 /* Resources */,
			);
			buildRules = (
			);
			dependencies = (
				1435A9A728F85BF700872E10 /* PBXTargetDependency */,
			);
			name = swiftAsyncAwaitUITests;
			productName = swiftAsyncAwaitUITests;
			productReference = 1435A9A528F85BF700872E10 /* swiftAsyncAwaitUITests.xctest */;
			productType = "com.apple.product-type.bundle.ui-testing";
		};
/* End PBXNativeTarget section */

/* Begin PBXProject section */
		1435A97D28F85BF400872E10 /* Project object */ = {
			isa = PBXProject;
			attributes = {
				BuildIndependentTargetsInParallel = 1;
				LastSwiftUpdateCheck = 1400;
				LastUpgradeCheck = 1400;
				TargetAttributes = {
					1435A98428F85BF500872E10 = {
						CreatedOnToolsVersion = 14.0.1;
					};
					1435A99A28F85BF700872E10 = {
						CreatedOnToolsVersion = 14.0.1;
						TestTargetID = 1435A98428F85BF500872E10;
					};
					1435A9A428F85BF700872E10 = {
						CreatedOnToolsVersion = 14.0.1;
						TestTargetID = 1435A98428F85BF500872E10;
					};
				};
			};
			buildConfigurationList = 1435A98028F85BF400872E10 /* Build configuration list for PBXProject "swiftAsyncAwait" */;
			compatibilityVersion = "Xcode 14.0";
			developmentRegion = en;
			hasScannedForEncodings = 0;
			knownRegions = (
				en,
				Base,
			);
			mainGroup = 1435A97C28F85BF400872E10;
			productRefGroup = 1435A98628F85BF500872E10 /* Products */;
			projectDirPath = "";
			projectRoot = "";
			targets = (
				1435A98428F85BF500872E10 /* swiftAsyncAwait */,
				1435A99A28F85BF700872E10 /* swiftAsyncAwaitTests */,
				1435A9A428F85BF700872E10 /* swiftAsyncAwaitUITests */,
			);
		};
/* End PBXProject section */

/* Begin PBXResourcesBuildPhase section */
		1435A98328F85BF500872E10 /* Resources */ = {
			isa = PBXResourcesBuildPhase;
			buildActionMask = 2147483647;
			files = (
				1435A99528F85BF700872E10 /* LaunchScreen.storyboard in Resources */,
				1435A99228F85BF700872E10 /* Assets.xcassets in Resources */,
			);
			runOnlyForDeploymentPostprocessing = 0;
		};
		1435A99928F85BF700872E10 /* Resources */ = {
			isa = PBXResourcesBuildPhase;
			buildActionMask = 2147483647;
			files = (
			);
			runOnlyForDeploymentPostprocessing = 0;
		};
		1435A9A328F85BF700872E10 /* Resources */ = {
			isa = PBXResourcesBuildPhase;
			buildActionMask = 2147483647;
			files = (
			);
			runOnlyForDeploymentPostprocessing = 0;
		};
/* End PBXResourcesBuildPhase section */

/* Begin PBXSourcesBuildPhase section */
		1435A98128F85BF500872E10 /* Sources */ = {
			isa = PBXSourcesBuildPhase;
			buildActionMask = 2147483647;
			files = (
				1435A98D28F85BF500872E10 /* View.swift in Sources */,
				1435A98928F85BF500872E10 /* AppDelegate.swift in Sources */,
				1435A9BB28F8736E00872E10 /* Network.swift in Sources */,
				1435A9BF28F8740600872E10 /* User.swift in Sources */,
				1435A9C228F8769000872E10 /* UIView.swift in Sources */,
				1435A98B28F85BF500872E10 /* SceneDelegate.swift in Sources */,
				14E18D2528FDCA3400EFB9B9 /* Product.swift in Sources */,
			);
			runOnlyForDeploymentPostprocessing = 0;
		};
		1435A99728F85BF700872E10 /* Sources */ = {
			isa = PBXSourcesBuildPhase;
			buildActionMask = 2147483647;
			files = (
			);
			runOnlyForDeploymentPostprocessing = 0;
		};
		1435A9A128F85BF700872E10 /* Sources */ = {
			isa = PBXSourcesBuildPhase;
			buildActionMask = 2147483647;
			files = (
			);
			runOnlyForDeploymentPostprocessing = 0;
		};
/* End PBXSourcesBuildPhase section */

/* Begin PBXTargetDependency section */
		1435A99D28F85BF700872E10 /* PBXTargetDependency */ = {
			isa = PBXTargetDependency;
			target = 1435A98428F85BF500872E10 /* swiftAsyncAwait */;
			targetProxy = 1435A99C28F85BF700872E10 /* PBXContainerItemProxy */;
		};
		1435A9A728F85BF700872E10 /* PBXTargetDependency */ = {
			isa = PBXTargetDependency;
			target = 1435A98428F85BF500872E10 /* swiftAsyncAwait */;
			targetProxy = 1435A9A628F85BF700872E10 /* PBXContainerItemProxy */;
		};
/* End PBXTargetDependency section */

/* Begin PBXVariantGroup section */
		1435A99328F85BF700872E10 /* LaunchScreen.storyboard */ = {
			isa = PBXVariantGroup;
			children = (
				1435A99428F85BF700872E10 /* Base */,
			);
			name = LaunchScreen.storyboard;
			sourceTree = "<group>";
		};
/* End PBXVariantGroup section */

/* Begin XCBuildConfiguration section */
		1435A9AD28F85BF700872E10 /* Debug */ = {
			isa = XCBuildConfiguration;
			buildSettings = {
				ALWAYS_SEARCH_USER_PATHS = NO;
				CLANG_ANALYZER_NONNULL = YES;
				CLANG_ANALYZER_NUMBER_OBJECT_CONVERSION = YES_AGGRESSIVE;
				CLANG_CXX_LANGUAGE_STANDARD = "gnu++20";
				CLANG_ENABLE_MODULES = YES;
				CLANG_ENABLE_OBJC_ARC = YES;
				CLANG_ENABLE_OBJC_WEAK = YES;
				CLANG_WARN_BLOCK_CAPTURE_AUTORELEASING = YES;
				CLANG_WARN_BOOL_CONVERSION = YES;
				CLANG_WARN_COMMA = YES;
				CLANG_WARN_CONSTANT_CONVERSION = YES;
				CLANG_WARN_DEPRECATED_OBJC_IMPLEMENTATIONS = YES;
				CLANG_WARN_DIRECT_OBJC_ISA_USAGE = YES_ERROR;
				CLANG_WARN_DOCUMENTATION_COMMENTS = YES;
				CLANG_WARN_EMPTY_BODY = YES;
				CLANG_WARN_ENUM_CONVERSION = YES;
				CLANG_WARN_INFINITE_RECURSION = YES;
				CLANG_WARN_INT_CONVERSION = YES;
				CLANG_WARN_NON_LITERAL_NULL_CONVERSION = YES;
				CLANG_WARN_OBJC_IMPLICIT_RETAIN_SELF = YES;
				CLANG_WARN_OBJC_LITERAL_CONVERSION = YES;
				CLANG_WARN_OBJC_ROOT_CLASS = YES_ERROR;
				CLANG_WARN_QUOTED_INCLUDE_IN_FRAMEWORK_HEADER = YES;
				CLANG_WARN_RANGE_LOOP_ANALYSIS = YES;
				CLANG_WARN_STRICT_PROTOTYPES = YES;
				CLANG_WARN_SUSPICIOUS_MOVE = YES;
				CLANG_WARN_UNGUARDED_AVAILABILITY = YES_AGGRESSIVE;
				CLANG_WARN_UNREACHABLE_CODE = YES;
				CLANG_WARN__DUPLICATE_METHOD_MATCH = YES;
				COPY_PHASE_STRIP = NO;
				DEBUG_INFORMATION_FORMAT = dwarf;
				ENABLE_STRICT_OBJC_MSGSEND = YES;
				ENABLE_TESTABILITY = YES;
				GCC_C_LANGUAGE_STANDARD = gnu11;
				GCC_DYNAMIC_NO_PIC = NO;
				GCC_NO_COMMON_BLOCKS = YES;
				GCC_OPTIMIZATION_LEVEL = 0;
				GCC_PREPROCESSOR_DEFINITIONS = (
					"DEBUG=1",
					"$(inherited)",
				);
				GCC_WARN_64_TO_32_BIT_CONVERSION = YES;
				GCC_WARN_ABOUT_RETURN_TYPE = YES_ERROR;
				GCC_WARN_UNDECLARED_SELECTOR = YES;
				GCC_WARN_UNINITIALIZED_AUTOS = YES_AGGRESSIVE;
				GCC_WARN_UNUSED_FUNCTION = YES;
				GCC_WARN_UNUSED_VARIABLE = YES;
				IPHONEOS_DEPLOYMENT_TARGET = 16.0;
				MTL_ENABLE_DEBUG_INFO = INCLUDE_SOURCE;
				MTL_FAST_MATH = YES;
				ONLY_ACTIVE_ARCH = YES;
				SDKROOT = iphoneos;
				SWIFT_ACTIVE_COMPILATION_CONDITIONS = DEBUG;
				SWIFT_OPTIMIZATION_LEVEL = "-Onone";
			};
			name = Debug;
		};
		1435A9AE28F85BF700872E10 /* Release */ = {
			isa = XCBuildConfiguration;
			buildSettings = {
				ALWAYS_SEARCH_USER_PATHS = NO;
				CLANG_ANALYZER_NONNULL = YES;
				CLANG_ANALYZER_NUMBER_OBJECT_CONVERSION = YES_AGGRESSIVE;
				CLANG_CXX_LANGUAGE_STANDARD = "gnu++20";
				CLANG_ENABLE_MODULES = YES;
				CLANG_ENABLE_OBJC_ARC = YES;
				CLANG_ENABLE_OBJC_WEAK = YES;
				CLANG_WARN_BLOCK_CAPTURE_AUTORELEASING = YES;
				CLANG_WARN_BOOL_CONVERSION = YES;
				CLANG_WARN_COMMA = YES;
				CLANG_WARN_CONSTANT_CONVERSION = YES;
				CLANG_WARN_DEPRECATED_OBJC_IMPLEMENTATIONS = YES;
				CLANG_WARN_DIRECT_OBJC_ISA_USAGE = YES_ERROR;
				CLANG_WARN_DOCUMENTATION_COMMENTS = YES;
				CLANG_WARN_EMPTY_BODY = YES;
				CLANG_WARN_ENUM_CONVERSION = YES;
				CLANG_WARN_INFINITE_RECURSION = YES;
				CLANG_WARN_INT_CONVERSION = YES;
				CLANG_WARN_NON_LITERAL_NULL_CONVERSION = YES;
				CLANG_WARN_OBJC_IMPLICIT_RETAIN_SELF = YES;
				CLANG_WARN_OBJC_LITERAL_CONVERSION = YES;
				CLANG_WARN_OBJC_ROOT_CLASS = YES_ERROR;
				CLANG_WARN_QUOTED_INCLUDE_IN_FRAMEWORK_HEADER = YES;
				CLANG_WARN_RANGE_LOOP_ANALYSIS = YES;
				CLANG_WARN_STRICT_PROTOTYPES = YES;
				CLANG_WARN_SUSPICIOUS_MOVE = YES;
				CLANG_WARN_UNGUARDED_AVAILABILITY = YES_AGGRESSIVE;
				CLANG_WARN_UNREACHABLE_CODE = YES;
				CLANG_WARN__DUPLICATE_METHOD_MATCH = YES;
				COPY_PHASE_STRIP = NO;
				DEBUG_INFORMATION_FORMAT = "dwarf-with-dsym";
				ENABLE_NS_ASSERTIONS = NO;
				ENABLE_STRICT_OBJC_MSGSEND = YES;
				GCC_C_LANGUAGE_STANDARD = gnu11;
				GCC_NO_COMMON_BLOCKS = YES;
				GCC_WARN_64_TO_32_BIT_CONVERSION = YES;
				GCC_WARN_ABOUT_RETURN_TYPE = YES_ERROR;
				GCC_WARN_UNDECLARED_SELECTOR = YES;
				GCC_WARN_UNINITIALIZED_AUTOS = YES_AGGRESSIVE;
				GCC_WARN_UNUSED_FUNCTION = YES;
				GCC_WARN_UNUSED_VARIABLE = YES;
				IPHONEOS_DEPLOYMENT_TARGET = 16.0;
				MTL_ENABLE_DEBUG_INFO = NO;
				MTL_FAST_MATH = YES;
				SDKROOT = iphoneos;
				SWIFT_COMPILATION_MODE = wholemodule;
				SWIFT_OPTIMIZATION_LEVEL = "-O";
				VALIDATE_PRODUCT = YES;
			};
			name = Release;
		};
		1435A9B028F85BF700872E10 /* Debug */ = {
			isa = XCBuildConfiguration;
			buildSettings = {
				ASSETCATALOG_COMPILER_APPICON_NAME = AppIcon;
				ASSETCATALOG_COMPILER_GLOBAL_ACCENT_COLOR_NAME = AccentColor;
				CODE_SIGN_STYLE = Automatic;
				CURRENT_PROJECT_VERSION = 1;
				GENERATE_INFOPLIST_FILE = YES;
				INFOPLIST_FILE = swiftAsyncAwait/Info.plist;
				INFOPLIST_KEY_UIApplicationSupportsIndirectInputEvents = YES;
				INFOPLIST_KEY_UILaunchStoryboardName = LaunchScreen;
				INFOPLIST_KEY_UIMainStoryboardFile = "";
				INFOPLIST_KEY_UISupportedInterfaceOrientations_iPad = "UIInterfaceOrientationPortrait UIInterfaceOrientationPortraitUpsideDown UIInterfaceOrientationLandscapeLeft UIInterfaceOrientationLandscapeRight";
				INFOPLIST_KEY_UISupportedInterfaceOrientations_iPhone = "UIInterfaceOrientationPortrait UIInterfaceOrientationLandscapeLeft UIInterfaceOrientationLandscapeRight";
				LD_RUNPATH_SEARCH_PATHS = (
					"$(inherited)",
					"@executable_path/Frameworks",
				);
				MARKETING_VERSION = 1.0;
				PRODUCT_BUNDLE_IDENTIFIER = "-Sys.swiftAsyncAwait";
				PRODUCT_NAME = "$(TARGET_NAME)";
				SWIFT_EMIT_LOC_STRINGS = YES;
				SWIFT_VERSION = 5.0;
				TARGETED_DEVICE_FAMILY = "1,2";
			};
			name = Debug;
		};
		1435A9B128F85BF700872E10 /* Release */ = {
			isa = XCBuildConfiguration;
			buildSettings = {
				ASSETCATALOG_COMPILER_APPICON_NAME = AppIcon;
				ASSETCATALOG_COMPILER_GLOBAL_ACCENT_COLOR_NAME = AccentColor;
				CODE_SIGN_STYLE = Automatic;
				CURRENT_PROJECT_VERSION = 1;
				GENERATE_INFOPLIST_FILE = YES;
				INFOPLIST_FILE = swiftAsyncAwait/Info.plist;
				INFOPLIST_KEY_UIApplicationSupportsIndirectInputEvents = YES;
				INFOPLIST_KEY_UILaunchStoryboardName = LaunchScreen;
				INFOPLIST_KEY_UIMainStoryboardFile = "";
				INFOPLIST_KEY_UISupportedInterfaceOrientations_iPad = "UIInterfaceOrientationPortrait UIInterfaceOrientationPortraitUpsideDown UIInterfaceOrientationLandscapeLeft UIInterfaceOrientationLandscapeRight";
				INFOPLIST_KEY_UISupportedInterfaceOrientations_iPhone = "UIInterfaceOrientationPortrait UIInterfaceOrientationLandscapeLeft UIInterfaceOrientationLandscapeRight";
				LD_RUNPATH_SEARCH_PATHS = (
					"$(inherited)",
					"@executable_path/Frameworks",
				);
				MARKETING_VERSION = 1.0;
				PRODUCT_BUNDLE_IDENTIFIER = "-Sys.swiftAsyncAwait";
				PRODUCT_NAME = "$(TARGET_NAME)";
				SWIFT_EMIT_LOC_STRINGS = YES;
				SWIFT_VERSION = 5.0;
				TARGETED_DEVICE_FAMILY = "1,2";
			};
			name = Release;
		};
		1435A9B328F85BF700872E10 /* Debug */ = {
			isa = XCBuildConfiguration;
			buildSettings = {
				ALWAYS_EMBED_SWIFT_STANDARD_LIBRARIES = YES;
				BUNDLE_LOADER = "$(TEST_HOST)";
				CODE_SIGN_STYLE = Automatic;
				CURRENT_PROJECT_VERSION = 1;
				GENERATE_INFOPLIST_FILE = YES;
				IPHONEOS_DEPLOYMENT_TARGET = 16.0;
				MARKETING_VERSION = 1.0;
				PRODUCT_BUNDLE_IDENTIFIER = "-Sys.swiftAsyncAwaitTests";
				PRODUCT_NAME = "$(TARGET_NAME)";
				SWIFT_EMIT_LOC_STRINGS = NO;
				SWIFT_VERSION = 5.0;
				TARGETED_DEVICE_FAMILY = "1,2";
				TEST_HOST = "$(BUILT_PRODUCTS_DIR)/swiftAsyncAwait.app/$(BUNDLE_EXECUTABLE_FOLDER_PATH)/swiftAsyncAwait";
			};
			name = Debug;
		};
		1435A9B428F85BF700872E10 /* Release */ = {
			isa = XCBuildConfiguration;
			buildSettings = {
				ALWAYS_EMBED_SWIFT_STANDARD_LIBRARIES = YES;
				BUNDLE_LOADER = "$(TEST_HOST)";
				CODE_SIGN_STYLE = Automatic;
				CURRENT_PROJECT_VERSION = 1;
				GENERATE_INFOPLIST_FILE = YES;
				IPHONEOS_DEPLOYMENT_TARGET = 16.0;
				MARKETING_VERSION = 1.0;
				PRODUCT_BUNDLE_IDENTIFIER = "-Sys.swiftAsyncAwaitTests";
				PRODUCT_NAME = "$(TARGET_NAME)";
				SWIFT_EMIT_LOC_STRINGS = NO;
				SWIFT_VERSION = 5.0;
				TARGETED_DEVICE_FAMILY = "1,2";
				TEST_HOST = "$(BUILT_PRODUCTS_DIR)/swiftAsyncAwait.app/$(BUNDLE_EXECUTABLE_FOLDER_PATH)/swiftAsyncAwait";
			};
			name = Release;
		};
		1435A9B628F85BF700872E10 /* Debug */ = {
			isa = XCBuildConfiguration;
			buildSettings = {
				ALWAYS_EMBED_SWIFT_STANDARD_LIBRARIES = YES;
				CODE_SIGN_STYLE = Automatic;
				CURRENT_PROJECT_VERSION = 1;
				GENERATE_INFOPLIST_FILE = YES;
				MARKETING_VERSION = 1.0;
				PRODUCT_BUNDLE_IDENTIFIER = "-Sys.swiftAsyncAwaitUITests";
				PRODUCT_NAME = "$(TARGET_NAME)";
				SWIFT_EMIT_LOC_STRINGS = NO;
				SWIFT_VERSION = 5.0;
				TARGETED_DEVICE_FAMILY = "1,2";
				TEST_TARGET_NAME = swiftAsyncAwait;
			};
			name = Debug;
		};
		1435A9B728F85BF700872E10 /* Release */ = {
			isa = XCBuildConfiguration;
			buildSettings = {
				ALWAYS_EMBED_SWIFT_STANDARD_LIBRARIES = YES;
				CODE_SIGN_STYLE = Automatic;
				CURRENT_PROJECT_VERSION = 1;
				GENERATE_INFOPLIST_FILE = YES;
				MARKETING_VERSION = 1.0;
				PRODUCT_BUNDLE_IDENTIFIER = "-Sys.swiftAsyncAwaitUITests";
				PRODUCT_NAME = "$(TARGET_NAME)";
				SWIFT_EMIT_LOC_STRINGS = NO;
				SWIFT_VERSION = 5.0;
				TARGETED_DEVICE_FAMILY = "1,2";
				TEST_TARGET_NAME = swiftAsyncAwait;
			};
			name = Release;
		};
/* End XCBuildConfiguration section */

/* Begin XCConfigurationList section */
		1435A98028F85BF400872E10 /* Build configuration list for PBXProject "swiftAsyncAwait" */ = {
			isa = XCConfigurationList;
			buildConfigurations = (
				1435A9AD28F85BF700872E10 /* Debug */,
				1435A9AE28F85BF700872E10 /* Release */,
			);
			defaultConfigurationIsVisible = 0;
			defaultConfigurationName = Release;
		};
		1435A9AF28F85BF700872E10 /* Build configuration list for PBXNativeTarget "swiftAsyncAwait" */ = {
			isa = XCConfigurationList;
			buildConfigurations = (
				1435A9B028F85BF700872E10 /* Debug */,
				1435A9B128F85BF700872E10 /* Release */,
			);
			defaultConfigurationIsVisible = 0;
			defaultConfigurationName = Release;
		};
		1435A9B228F85BF700872E10 /* Build configuration list for PBXNativeTarget "swiftAsyncAwaitTests" */ = {
			isa = XCConfigurationList;
			buildConfigurations = (
				1435A9B328F85BF700872E10 /* Debug */,
				1435A9B428F85BF700872E10 /* Release */,
			);
			defaultConfigurationIsVisible = 0;
			defaultConfigurationName = Release;
		};
		1435A9B528F85BF700872E10 /* Build configuration list for PBXNativeTarget "swiftAsyncAwaitUITests" */ = {
			isa = XCConfigurationList;
			buildConfigurations = (
				1435A9B628F85BF700872E10 /* Debug */,
				1435A9B728F85BF700872E10 /* Release */,
			);
			defaultConfigurationIsVisible = 0;
			defaultConfigurationName = Release;
		};
/* End XCConfigurationList section */
	};
	rootObject = 1435A97D28F85BF400872E10 /* Project object */;
}
